
Microsoft Visual Studio Solution File, Format Version 12.00
# Visual Studio Version 17
VisualStudioVersion = 17.0.31903.59
MinimumVisualStudioVersion = 10.0.40219.1
Project("{2150E333-8FDC-42A3-9474-1A3956D46DE8}") = "LAV.Logger", "LAV.Logger", "{36D591C7-65C7-A0D1-1CBC-10CDE441BDC8}"
EndProject
Project("{FAE04EC0-301F-11D3-BF4B-00C04F79EFBC}") = "LAV.Logger", "LAV.Logger\LAV.Logger.csproj", "{833A61E6-9994-4801-BFBE-A32171DC4739}"
EndProject
Project("{FAE04EC0-301F-11D3-BF4B-00C04F79EFBC}") = "ExampleConsoleApp", "ExampleConsoleApp\ExampleConsoleApp.csproj", "{BE684722-5103-4128-9DCB-618D8946F90A}"
EndProject
Project("{FAE04EC0-301F-11D3-BF4B-00C04F79EFBC}") = "LoggerTemplateGenerator", "LoggerTemplateGenerator\LoggerTemplateGenerator.csproj", "{71614974-CD89-4526-8405-357D26ED9366}"
EndProject
Project("{FAE04EC0-301F-11D3-BF4B-00C04F79EFBC}") = "LAV.Logger.SourceGenerators", "LAV.Logger.SourceGenerators\LAV.Logger.SourceGenerators.csproj", "{53842C10-8F13-4A00-AC06-E62943C7ED55}"
EndProject
Global
	GlobalSection(SolutionConfigurationPlatforms) = preSolution
		Debug|Any CPU = Debug|Any CPU
		Release|Any CPU = Release|Any CPU
	EndGlobalSection
	GlobalSection(ProjectConfigurationPlatforms) = postSolution
		{833A61E6-9994-4801-BFBE-A32171DC4739}.Debug|Any CPU.ActiveCfg = Debug|Any CPU
		{833A61E6-9994-4801-BFBE-A32171DC4739}.Debug|Any CPU.Build.0 = Debug|Any CPU
		{833A61E6-9994-4801-BFBE-A32171DC4739}.Release|Any CPU.ActiveCfg = Release|Any CPU
		{833A61E6-9994-4801-BFBE-A32171DC4739}.Release|Any CPU.Build.0 = Release|Any CPU
		{BE684722-5103-4128-9DCB-618D8946F90A}.Debug|Any CPU.ActiveCfg = Debug|Any CPU
		{BE684722-5103-4128-9DCB-618D8946F90A}.Debug|Any CPU.Build.0 = Debug|Any CPU
		{BE684722-5103-4128-9DCB-618D8946F90A}.Release|Any CPU.ActiveCfg = Release|Any CPU
		{BE684722-5103-4128-9DCB-618D8946F90A}.Release|Any CPU.Build.0 = Release|Any CPU
		{71614974-CD89-4526-8405-357D26ED9366}.Debug|Any CPU.ActiveCfg = Debug|Any CPU
		{71614974-CD89-4526-8405-357D26ED9366}.Debug|Any CPU.Build.0 = Debug|Any CPU
		{71614974-CD89-4526-8405-357D26ED9366}.Release|Any CPU.ActiveCfg = Release|Any CPU
		{71614974-CD89-4526-8405-357D26ED9366}.Release|Any CPU.Build.0 = Release|Any CPU
		{53842C10-8F13-4A00-AC06-E62943C7ED55}.Debug|Any CPU.ActiveCfg = Debug|Any CPU
		{53842C10-8F13-4A00-AC06-E62943C7ED55}.Debug|Any CPU.Build.0 = Debug|Any CPU
		{53842C10-8F13-4A00-AC06-E62943C7ED55}.Release|Any CPU.ActiveCfg = Release|Any CPU
		{53842C10-8F13-4A00-AC06-E62943C7ED55}.Release|Any CPU.Build.0 = Release|Any CPU
	EndGlobalSection
	GlobalSection(SolutionProperties) = preSolution
		HideSolutionNode = FALSE
	EndGlobalSection
	GlobalSection(NestedProjects) = preSolution
		{833A61E6-9994-4801-BFBE-A32171DC4739} = {36D591C7-65C7-A0D1-1CBC-10CDE441BDC8}
		{71614974-CD89-4526-8405-357D26ED9366} = {36D591C7-65C7-A0D1-1CBC-10CDE441BDC8}
	EndGlobalSection
	GlobalSection(ExtensibilityGlobals) = postSolution
		SolutionGuid = {862EA703-9238-4D67-8CB4-470B391C6064}
	EndGlobalSection
EndGlobal
